// !$*UTF8*$!
{
	archiveVersion = 1;
	classes = {
	};
	objectVersion = 77;
	objects = {

/* Begin PBXBuildFile section */
		ABDEB7CC2CC44A8400B56576 /* Preview Assets.xcassets in Resources */ = {isa = PBXBuildFile; fileRef = ABDEB7C52CC44A8400B56576 /* Preview Assets.xcassets */; };
		ABDEB7CD2CC44A8400B56576 /* Assets.xcassets in Resources */ = {isa = PBXBuildFile; fileRef = ABDEB7C72CC44A8400B56576 /* Assets.xcassets */; };
		ABDEB7CE2CC44A8400B56576 /* ContentView.swift in Sources */ = {isa = PBXBuildFile; fileRef = ABDEB7C82CC44A8400B56576 /* ContentView.swift */; };
		ABDEB7CF2CC44A8400B56576 /* wpgApp.swift in Sources */ = {isa = PBXBuildFile; fileRef = ABDEB7CA2CC44A8400B56576 /* wpgApp.swift */; };
		ABDEB7D22CC44A8900B56576 /* wpgTests.swift in Sources */ = {isa = PBXBuildFile; fileRef = ABDEB7D02CC44A8900B56576 /* wpgTests.swift */; };
		ABDEB7D62CC44A8B00B56576 /* wpgUITests.swift in Sources */ = {isa = PBXBuildFile; fileRef = ABDEB7D32CC44A8B00B56576 /* wpgUITests.swift */; };
		ABDEB7D72CC44A8B00B56576 /* wpgUITestsLaunchTests.swift in Sources */ = {isa = PBXBuildFile; fileRef = ABDEB7D42CC44A8B00B56576 /* wpgUITestsLaunchTests.swift */; };
		ABDEB7E22CC4531700B56576 /* HomePageView.swift in Sources */ = {isa = PBXBuildFile; fileRef = ABDEB7E12CC4531700B56576 /* HomePageView.swift */; };
		ABDEB7E62CC45B4D00B56576 /* File.swift in Sources */ = {isa = PBXBuildFile; fileRef = ABDEB7E52CC45B4D00B56576 /* File.swift */; };
		ABDEB7E82CC45F6300B56576 /* Workouts.swift in Sources */ = {isa = PBXBuildFile; fileRef = ABDEB7E72CC45F6300B56576 /* Workouts.swift */; };
/* End PBXBuildFile section */

/* Begin PBXContainerItemProxy section */
		ABCC56272CC43FCB0073FDD3 /* PBXContainerItemProxy */ = {
			isa = PBXContainerItemProxy;
			containerPortal = ABCC560D2CC43FCA0073FDD3 /* Project object */;
			proxyType = 1;
			remoteGlobalIDString = ABCC56142CC43FCA0073FDD3;
			remoteInfo = wpg;
		};
		ABCC56312CC43FCB0073FDD3 /* PBXContainerItemProxy */ = {
			isa = PBXContainerItemProxy;
			containerPortal = ABCC560D2CC43FCA0073FDD3 /* Project object */;
			proxyType = 1;
			remoteGlobalIDString = ABCC56142CC43FCA0073FDD3;
			remoteInfo = wpg;
		};
/* End PBXContainerItemProxy section */

/* Begin PBXFileReference section */
		ABCC56152CC43FCA0073FDD3 /* wpg.app */ = {isa = PBXFileReference; explicitFileType = wrapper.application; includeInIndex = 0; path = wpg.app; sourceTree = BUILT_PRODUCTS_DIR; };
		ABCC56262CC43FCB0073FDD3 /* wpgTests.xctest */ = {isa = PBXFileReference; explicitFileType = wrapper.cfbundle; includeInIndex = 0; path = wpgTests.xctest; sourceTree = BUILT_PRODUCTS_DIR; };
		ABCC56302CC43FCB0073FDD3 /* wpgUITests.xctest */ = {isa = PBXFileReference; explicitFileType = wrapper.cfbundle; includeInIndex = 0; path = wpgUITests.xctest; sourceTree = BUILT_PRODUCTS_DIR; };
		ABDEB7C52CC44A8400B56576 /* Preview Assets.xcassets */ = {isa = PBXFileReference; lastKnownFileType = folder.assetcatalog; path = "Preview Assets.xcassets"; sourceTree = "<group>"; };
		ABDEB7C72CC44A8400B56576 /* Assets.xcassets */ = {isa = PBXFileReference; lastKnownFileType = folder.assetcatalog; path = Assets.xcassets; sourceTree = "<group>"; };
		ABDEB7C82CC44A8400B56576 /* ContentView.swift */ = {isa = PBXFileReference; lastKnownFileType = sourcecode.swift; path = ContentView.swift; sourceTree = "<group>"; };
		ABDEB7C92CC44A8400B56576 /* wpg.entitlements */ = {isa = PBXFileReference; lastKnownFileType = text.plist.entitlements; path = wpg.entitlements; sourceTree = "<group>"; };
		ABDEB7CA2CC44A8400B56576 /* wpgApp.swift */ = {isa = PBXFileReference; lastKnownFileType = sourcecode.swift; path = wpgApp.swift; sourceTree = "<group>"; };
		ABDEB7D02CC44A8900B56576 /* wpgTests.swift */ = {isa = PBXFileReference; lastKnownFileType = sourcecode.swift; path = wpgTests.swift; sourceTree = "<group>"; };
		ABDEB7D32CC44A8B00B56576 /* wpgUITests.swift */ = {isa = PBXFileReference; lastKnownFileType = sourcecode.swift; path = wpgUITests.swift; sourceTree = "<group>"; };
		ABDEB7D42CC44A8B00B56576 /* wpgUITestsLaunchTests.swift */ = {isa = PBXFileReference; lastKnownFileType = sourcecode.swift; path = wpgUITestsLaunchTests.swift; sourceTree = "<group>"; };
		ABDEB7E12CC4531700B56576 /* HomePageView.swift */ = {isa = PBXFileReference; lastKnownFileType = sourcecode.swift; path = HomePageView.swift; sourceTree = "<group>"; };
		ABDEB7E52CC45B4D00B56576 /* File.swift */ = {isa = PBXFileReference; lastKnownFileType = sourcecode.swift; path = File.swift; sourceTree = "<group>"; };
		ABDEB7E72CC45F6300B56576 /* Workouts.swift */ = {isa = PBXFileReference; lastKnownFileType = sourcecode.swift; path = Workouts.swift; sourceTree = "<group>"; };
/* End PBXFileReference section */

/* Begin PBXFrameworksBuildPhase section */
		ABCC56122CC43FCA0073FDD3 /* Frameworks */ = {
			isa = PBXFrameworksBuildPhase;
			buildActionMask = 2147483647;
			files = (
			);
			runOnlyForDeploymentPostprocessing = 0;
		};
		ABCC56232CC43FCB0073FDD3 /* Frameworks */ = {
			isa = PBXFrameworksBuildPhase;
			buildActionMask = 2147483647;
			files = (
			);
			runOnlyForDeploymentPostprocessing = 0;
		};
		ABCC562D2CC43FCB0073FDD3 /* Frameworks */ = {
			isa = PBXFrameworksBuildPhase;
			buildActionMask = 2147483647;
			files = (
			);
			runOnlyForDeploymentPostprocessing = 0;
		};
/* End PBXFrameworksBuildPhase section */

/* Begin PBXGroup section */
		ABCC560C2CC43FCA0073FDD3 = {
			isa = PBXGroup;
			children = (
				ABDEB7CB2CC44A8400B56576 /* wpg */,
				ABDEB7D12CC44A8900B56576 /* wpgTests */,
				ABDEB7D52CC44A8B00B56576 /* wpgUITests */,
				ABCC56162CC43FCA0073FDD3 /* Products */,
			);
			sourceTree = "<group>";
		};
		ABCC56162CC43FCA0073FDD3 /* Products */ = {
			isa = PBXGroup;
			children = (
				ABCC56152CC43FCA0073FDD3 /* wpg.app */,
				ABCC56262CC43FCB0073FDD3 /* wpgTests.xctest */,
				ABCC56302CC43FCB0073FDD3 /* wpgUITests.xctest */,
			);
			name = Products;
			sourceTree = "<group>";
		};
		ABDEB7C62CC44A8400B56576 /* Preview Content */ = {
			isa = PBXGroup;
			children = (
				ABDEB7C52CC44A8400B56576 /* Preview Assets.xcassets */,
			);
			path = "Preview Content";
			sourceTree = "<group>";
		};
		ABDEB7CB2CC44A8400B56576 /* wpg */ = {
			isa = PBXGroup;
			children = (
				ABDEB7D82CC44ABC00B56576 /* App */,
				ABDEB7DA2CC44ACF00B56576 /* Core */,
				ABDEB7DB2CC44AD900B56576 /* Models */,
				ABDEB7C62CC44A8400B56576 /* Preview Content */,
				ABDEB7C72CC44A8400B56576 /* Assets.xcassets */,
				ABDEB7C82CC44A8400B56576 /* ContentView.swift */,
				ABDEB7C92CC44A8400B56576 /* wpg.entitlements */,
				ABDEB7CA2CC44A8400B56576 /* wpgApp.swift */,
			);
			path = wpg;
			sourceTree = "<group>";
		};
		ABDEB7D12CC44A8900B56576 /* wpgTests */ = {
			isa = PBXGroup;
			children = (
				ABDEB7D02CC44A8900B56576 /* wpgTests.swift */,
			);
			path = wpgTests;
			sourceTree = "<group>";
		};
		ABDEB7D52CC44A8B00B56576 /* wpgUITests */ = {
			isa = PBXGroup;
			children = (
				ABDEB7D32CC44A8B00B56576 /* wpgUITests.swift */,
				ABDEB7D42CC44A8B00B56576 /* wpgUITestsLaunchTests.swift */,
			);
			path = wpgUITests;
			sourceTree = "<group>";
		};
		ABDEB7D82CC44ABC00B56576 /* App */ = {
			isa = PBXGroup;
			children = (
			);
			path = App;
			sourceTree = "<group>";
		};
		ABDEB7DA2CC44ACF00B56576 /* Core */ = {
			isa = PBXGroup;
			children = (
				ABDEB7DC2CC452AE00B56576 /* HomeView */,
				ABDEB7E52CC45B4D00B56576 /* File.swift */,
			);
			path = Core;
			sourceTree = "<group>";
		};
		ABDEB7DB2CC44AD900B56576 /* Models */ = {
			isa = PBXGroup;
			children = (
				ABDEB7E72CC45F6300B56576 /* Workouts.swift */,
			);
			path = Models;
			sourceTree = "<group>";
		};
		ABDEB7DC2CC452AE00B56576 /* HomeView */ = {
			isa = PBXGroup;
			children = (
				ABDEB7E12CC4531700B56576 /* HomePageView.swift */,
			);
			path = HomeView;
			sourceTree = "<group>";
		};
/* End PBXGroup section */

/* Begin PBXNativeTarget section */
		ABCC56142CC43FCA0073FDD3 /* wpg */ = {
			isa = PBXNativeTarget;
			buildConfigurationList = ABCC563A2CC43FCB0073FDD3 /* Build configuration list for PBXNativeTarget "wpg" */;
			buildPhases = (
				ABCC56112CC43FCA0073FDD3 /* Sources */,
				ABCC56122CC43FCA0073FDD3 /* Frameworks */,
				ABCC56132CC43FCA0073FDD3 /* Resources */,
			);
			buildRules = (
			);
			dependencies = (
			);
			name = wpg;
			packageProductDependencies = (
			);
			productName = wpg;
			productReference = ABCC56152CC43FCA0073FDD3 /* wpg.app */;
			productType = "com.apple.product-type.application";
		};
		ABCC56252CC43FCB0073FDD3 /* wpgTests */ = {
			isa = PBXNativeTarget;
			buildConfigurationList = ABCC563D2CC43FCB0073FDD3 /* Build configuration list for PBXNativeTarget "wpgTests" */;
			buildPhases = (
				ABCC56222CC43FCB0073FDD3 /* Sources */,
				ABCC56232CC43FCB0073FDD3 /* Frameworks */,
				ABCC56242CC43FCB0073FDD3 /* Resources */,
			);
			buildRules = (
			);
			dependencies = (
				ABCC56282CC43FCB0073FDD3 /* PBXTargetDependency */,
			);
			name = wpgTests;
			packageProductDependencies = (
			);
			productName = wpgTests;
			productReference = ABCC56262CC43FCB0073FDD3 /* wpgTests.xctest */;
			productType = "com.apple.product-type.bundle.unit-test";
		};
		ABCC562F2CC43FCB0073FDD3 /* wpgUITests */ = {
			isa = PBXNativeTarget;
			buildConfigurationList = ABCC56402CC43FCB0073FDD3 /* Build configuration list for PBXNativeTarget "wpgUITests" */;
			buildPhases = (
				ABCC562C2CC43FCB0073FDD3 /* Sources */,
				ABCC562D2CC43FCB0073FDD3 /* Frameworks */,
				ABCC562E2CC43FCB0073FDD3 /* Resources */,
			);
			buildRules = (
			);
			dependencies = (
				ABCC56322CC43FCB0073FDD3 /* PBXTargetDependency */,
			);
			name = wpgUITests;
			packageProductDependencies = (
			);
			productName = wpgUITests;
			productReference = ABCC56302CC43FCB0073FDD3 /* wpgUITests.xctest */;
			productType = "com.apple.product-type.bundle.ui-testing";
		};
/* End PBXNativeTarget section */

/* Begin PBXProject section */
		ABCC560D2CC43FCA0073FDD3 /* Project object */ = {
			isa = PBXProject;
			attributes = {
				BuildIndependentTargetsInParallel = 1;
				LastSwiftUpdateCheck = 1600;
				LastUpgradeCheck = 1600;
				TargetAttributes = {
					ABCC56142CC43FCA0073FDD3 = {
						CreatedOnToolsVersion = 16.0;
					};
					ABCC56252CC43FCB0073FDD3 = {
						CreatedOnToolsVersion = 16.0;
						TestTargetID = ABCC56142CC43FCA0073FDD3;
					};
					ABCC562F2CC43FCB0073FDD3 = {
						CreatedOnToolsVersion = 16.0;
						TestTargetID = ABCC56142CC43FCA0073FDD3;
					};
				};
			};
			buildConfigurationList = ABCC56102CC43FCA0073FDD3 /* Build configuration list for PBXProject "wpg" */;
			developmentRegion = en;
			hasScannedForEncodings = 0;
			knownRegions = (
				en,
				Base,
			);
			mainGroup = ABCC560C2CC43FCA0073FDD3;
			minimizedProjectReferenceProxies = 1;
			preferredProjectObjectVersion = 77;
			productRefGroup = ABCC56162CC43FCA0073FDD3 /* Products */;
			projectDirPath = "";
			projectRoot = "";
			targets = (
				ABCC56142CC43FCA0073FDD3 /* wpg */,
				ABCC56252CC43FCB0073FDD3 /* wpgTests */,
				ABCC562F2CC43FCB0073FDD3 /* wpgUITests */,
			);
		};
/* End PBXProject section */

/* Begin PBXResourcesBuildPhase section */
		ABCC56132CC43FCA0073FDD3 /* Resources */ = {
			isa = PBXResourcesBuildPhase;
			buildActionMask = 2147483647;
			files = (
				ABDEB7CC2CC44A8400B56576 /* Preview Assets.xcassets in Resources */,
				ABDEB7CD2CC44A8400B56576 /* Assets.xcassets in Resources */,
			);
			runOnlyForDeploymentPostprocessing = 0;
		};
		ABCC56242CC43FCB0073FDD3 /* Resources */ = {
			isa = PBXResourcesBuildPhase;
			buildActionMask = 2147483647;
			files = (
			);
			runOnlyForDeploymentPostprocessing = 0;
		};
		ABCC562E2CC43FCB0073FDD3 /* Resources */ = {
			isa = PBXResourcesBuildPhase;
			buildActionMask = 2147483647;
			files = (
			);
			runOnlyForDeploymentPostprocessing = 0;
		};
/* End PBXResourcesBuildPhase section */

/* Begin PBXSourcesBuildPhase section */
		ABCC56112CC43FCA0073FDD3 /* Sources */ = {
			isa = PBXSourcesBuildPhase;
			buildActionMask = 2147483647;
			files = (
				ABDEB7CE2CC44A8400B56576 /* ContentView.swift in Sources */,
				ABDEB7E82CC45F6300B56576 /* Workouts.swift in Sources */,
				ABDEB7E62CC45B4D00B56576 /* File.swift in Sources */,
				ABDEB7E22CC4531700B56576 /* HomePageView.swift in Sources */,
				ABDEB7CF2CC44A8400B56576 /* wpgApp.swift in Sources */,
			);
			runOnlyForDeploymentPostprocessing = 0;
		};
		ABCC56222CC43FCB0073FDD3 /* Sources */ = {
			isa = PBXSourcesBuildPhase;
			buildActionMask = 2147483647;
			files = (
				ABDEB7D22CC44A8900B56576 /* wpgTests.swift in Sources */,
			);
			runOnlyForDeploymentPostprocessing = 0;
		};
		ABCC562C2CC43FCB0073FDD3 /* Sources */ = {
			isa = PBXSourcesBuildPhase;
			buildActionMask = 2147483647;
			files = (
				ABDEB7D62CC44A8B00B56576 /* wpgUITests.swift in Sources */,
				ABDEB7D72CC44A8B00B56576 /* wpgUITestsLaunchTests.swift in Sources */,
			);
			runOnlyForDeploymentPostprocessing = 0;
		};
/* End PBXSourcesBuildPhase section */

/* Begin PBXTargetDependency section */
		ABCC56282CC43FCB0073FDD3 /* PBXTargetDependency */ = {
			isa = PBXTargetDependency;
			target = ABCC56142CC43FCA0073FDD3 /* wpg */;
			targetProxy = ABCC56272CC43FCB0073FDD3 /* PBXContainerItemProxy */;
		};
		ABCC56322CC43FCB0073FDD3 /* PBXTargetDependency */ = {
			isa = PBXTargetDependency;
			target = ABCC56142CC43FCA0073FDD3 /* wpg */;
			targetProxy = ABCC56312CC43FCB0073FDD3 /* PBXContainerItemProxy */;
		};
/* End PBXTargetDependency section */

/* Begin XCBuildConfiguration section */
		ABCC56382CC43FCB0073FDD3 /* Debug */ = {
			isa = XCBuildConfiguration;
			buildSettings = {
				ALWAYS_SEARCH_USER_PATHS = NO;
				ASSETCATALOG_COMPILER_GENERATE_SWIFT_ASSET_SYMBOL_EXTENSIONS = YES;
				CLANG_ANALYZER_NONNULL = YES;
				CLANG_ANALYZER_NUMBER_OBJECT_CONVERSION = YES_AGGRESSIVE;
				CLANG_CXX_LANGUAGE_STANDARD = "gnu++20";
				CLANG_ENABLE_MODULES = YES;
				CLANG_ENABLE_OBJC_ARC = YES;
				CLANG_ENABLE_OBJC_WEAK = YES;
				CLANG_WARN_BLOCK_CAPTURE_AUTORELEASING = YES;
				CLANG_WARN_BOOL_CONVERSION = YES;
				CLANG_WARN_COMMA = YES;
				CLANG_WARN_CONSTANT_CONVERSION = YES;
				CLANG_WARN_DEPRECATED_OBJC_IMPLEMENTATIONS = YES;
				CLANG_WARN_DIRECT_OBJC_ISA_USAGE = YES_ERROR;
				CLANG_WARN_DOCUMENTATION_COMMENTS = YES;
				CLANG_WARN_EMPTY_BODY = YES;
				CLANG_WARN_ENUM_CONVERSION = YES;
				CLANG_WARN_INFINITE_RECURSION = YES;
				CLANG_WARN_INT_CONVERSION = YES;
				CLANG_WARN_NON_LITERAL_NULL_CONVERSION = YES;
				CLANG_WARN_OBJC_IMPLICIT_RETAIN_SELF = YES;
				CLANG_WARN_OBJC_LITERAL_CONVERSION = YES;
				CLANG_WARN_OBJC_ROOT_CLASS = YES_ERROR;
				CLANG_WARN_QUOTED_INCLUDE_IN_FRAMEWORK_HEADER = YES;
				CLANG_WARN_RANGE_LOOP_ANALYSIS = YES;
				CLANG_WARN_STRICT_PROTOTYPES = YES;
				CLANG_WARN_SUSPICIOUS_MOVE = YES;
				CLANG_WARN_UNGUARDED_AVAILABILITY = YES_AGGRESSIVE;
				CLANG_WARN_UNREACHABLE_CODE = YES;
				CLANG_WARN__DUPLICATE_METHOD_MATCH = YES;
				COPY_PHASE_STRIP = NO;
				DEBUG_INFORMATION_FORMAT = dwarf;
				ENABLE_STRICT_OBJC_MSGSEND = YES;
				ENABLE_TESTABILITY = YES;
				ENABLE_USER_SCRIPT_SANDBOXING = YES;
				GCC_C_LANGUAGE_STANDARD = gnu17;
				GCC_DYNAMIC_NO_PIC = NO;
				GCC_NO_COMMON_BLOCKS = YES;
				GCC_OPTIMIZATION_LEVEL = 0;
				GCC_PREPROCESSOR_DEFINITIONS = (
					"DEBUG=1",
					"$(inherited)",
				);
				GCC_WARN_64_TO_32_BIT_CONVERSION = YES;
				GCC_WARN_ABOUT_RETURN_TYPE = YES_ERROR;
				GCC_WARN_UNDECLARED_SELECTOR = YES;
				GCC_WARN_UNINITIALIZED_AUTOS = YES_AGGRESSIVE;
				GCC_WARN_UNUSED_FUNCTION = YES;
				GCC_WARN_UNUSED_VARIABLE = YES;
				LOCALIZATION_PREFERS_STRING_CATALOGS = YES;
				MTL_ENABLE_DEBUG_INFO = INCLUDE_SOURCE;
				MTL_FAST_MATH = YES;
				ONLY_ACTIVE_ARCH = YES;
				SWIFT_ACTIVE_COMPILATION_CONDITIONS = "DEBUG $(inherited)";
				SWIFT_OPTIMIZATION_LEVEL = "-Onone";
			};
			name = Debug;
		};
		ABCC56392CC43FCB0073FDD3 /* Release */ = {
			isa = XCBuildConfiguration;
			buildSettings = {
				ALWAYS_SEARCH_USER_PATHS = NO;
				ASSETCATALOG_COMPILER_GENERATE_SWIFT_ASSET_SYMBOL_EXTENSIONS = YES;
				CLANG_ANALYZER_NONNULL = YES;
				CLANG_ANALYZER_NUMBER_OBJECT_CONVERSION = YES_AGGRESSIVE;
				CLANG_CXX_LANGUAGE_STANDARD = "gnu++20";
				CLANG_ENABLE_MODULES = YES;
				CLANG_ENABLE_OBJC_ARC = YES;
				CLANG_ENABLE_OBJC_WEAK = YES;
				CLANG_WARN_BLOCK_CAPTURE_AUTORELEASING = YES;
				CLANG_WARN_BOOL_CONVERSION = YES;
				CLANG_WARN_COMMA = YES;
				CLANG_WARN_CONSTANT_CONVERSION = YES;
				CLANG_WARN_DEPRECATED_OBJC_IMPLEMENTATIONS = YES;
				CLANG_WARN_DIRECT_OBJC_ISA_USAGE = YES_ERROR;
				CLANG_WARN_DOCUMENTATION_COMMENTS = YES;
				CLANG_WARN_EMPTY_BODY = YES;
				CLANG_WARN_ENUM_CONVERSION = YES;
				CLANG_WARN_INFINITE_RECURSION = YES;
				CLANG_WARN_INT_CONVERSION = YES;
				CLANG_WARN_NON_LITERAL_NULL_CONVERSION = YES;
				CLANG_WARN_OBJC_IMPLICIT_RETAIN_SELF = YES;
				CLANG_WARN_OBJC_LITERAL_CONVERSION = YES;
				CLANG_WARN_OBJC_ROOT_CLASS = YES_ERROR;
				CLANG_WARN_QUOTED_INCLUDE_IN_FRAMEWORK_HEADER = YES;
				CLANG_WARN_RANGE_LOOP_ANALYSIS = YES;
				CLANG_WARN_STRICT_PROTOTYPES = YES;
				CLANG_WARN_SUSPICIOUS_MOVE = YES;
				CLANG_WARN_UNGUARDED_AVAILABILITY = YES_AGGRESSIVE;
				CLANG_WARN_UNREACHABLE_CODE = YES;
				CLANG_WARN__DUPLICATE_METHOD_MATCH = YES;
				COPY_PHASE_STRIP = NO;
				DEBUG_INFORMATION_FORMAT = "dwarf-with-dsym";
				ENABLE_NS_ASSERTIONS = NO;
				ENABLE_STRICT_OBJC_MSGSEND = YES;
				ENABLE_USER_SCRIPT_SANDBOXING = YES;
				GCC_C_LANGUAGE_STANDARD = gnu17;
				GCC_NO_COMMON_BLOCKS = YES;
				GCC_WARN_64_TO_32_BIT_CONVERSION = YES;
				GCC_WARN_ABOUT_RETURN_TYPE = YES_ERROR;
				GCC_WARN_UNDECLARED_SELECTOR = YES;
				GCC_WARN_UNINITIALIZED_AUTOS = YES_AGGRESSIVE;
				GCC_WARN_UNUSED_FUNCTION = YES;
				GCC_WARN_UNUSED_VARIABLE = YES;
				LOCALIZATION_PREFERS_STRING_CATALOGS = YES;
				MTL_ENABLE_DEBUG_INFO = NO;
				MTL_FAST_MATH = YES;
				SWIFT_COMPILATION_MODE = wholemodule;
			};
			name = Release;
		};
		ABCC563B2CC43FCB0073FDD3 /* Debug */ = {
			isa = XCBuildConfiguration;
			buildSettings = {
				ASSETCATALOG_COMPILER_APPICON_NAME = AppIcon;
				ASSETCATALOG_COMPILER_GLOBAL_ACCENT_COLOR_NAME = AccentColor;
				CODE_SIGN_ENTITLEMENTS = wpg/wpg.entitlements;
				CODE_SIGN_STYLE = Automatic;
				CURRENT_PROJECT_VERSION = 1;
				DEVELOPMENT_ASSET_PATHS = "\"wpg/Preview Content\"";
				ENABLE_PREVIEWS = YES;
				GENERATE_INFOPLIST_FILE = YES;
				"INFOPLIST_KEY_UIApplicationSceneManifest_Generation[sdk=iphoneos*]" = YES;
				"INFOPLIST_KEY_UIApplicationSceneManifest_Generation[sdk=iphonesimulator*]" = YES;
				"INFOPLIST_KEY_UIApplicationSupportsIndirectInputEvents[sdk=iphoneos*]" = YES;
				"INFOPLIST_KEY_UIApplicationSupportsIndirectInputEvents[sdk=iphonesimulator*]" = YES;
				"INFOPLIST_KEY_UILaunchScreen_Generation[sdk=iphoneos*]" = YES;
				"INFOPLIST_KEY_UILaunchScreen_Generation[sdk=iphonesimulator*]" = YES;
				"INFOPLIST_KEY_UIStatusBarStyle[sdk=iphoneos*]" = UIStatusBarStyleDefault;
				"INFOPLIST_KEY_UIStatusBarStyle[sdk=iphonesimulator*]" = UIStatusBarStyleDefault;
				INFOPLIST_KEY_UISupportedInterfaceOrientations_iPad = "UIInterfaceOrientationPortrait UIInterfaceOrientationPortraitUpsideDown UIInterfaceOrientationLandscapeLeft UIInterfaceOrientationLandscapeRight";
				INFOPLIST_KEY_UISupportedInterfaceOrientations_iPhone = "UIInterfaceOrientationPortrait UIInterfaceOrientationLandscapeLeft UIInterfaceOrientationLandscapeRight";
				IPHONEOS_DEPLOYMENT_TARGET = 18.0;
				LD_RUNPATH_SEARCH_PATHS = "@executable_path/Frameworks";
				"LD_RUNPATH_SEARCH_PATHS[sdk=macosx*]" = "@executable_path/../Frameworks";
				MACOSX_DEPLOYMENT_TARGET = 15.0;
				MARKETING_VERSION = 1.0;
				PRODUCT_BUNDLE_IDENTIFIER = "CalHacks-11.0.wpg";
				PRODUCT_NAME = "$(TARGET_NAME)";
				SDKROOT = auto;
				SUPPORTED_PLATFORMS = "iphoneos iphonesimulator macosx xros xrsimulator";
				SWIFT_EMIT_LOC_STRINGS = YES;
				SWIFT_VERSION = 5.0;
				TARGETED_DEVICE_FAMILY = "1,2,7";
				XROS_DEPLOYMENT_TARGET = 2.0;
			};
			name = Debug;
		};
		ABCC563C2CC43FCB0073FDD3 /* Release */ = {
			isa = XCBuildConfiguration;
			buildSettings = {
				ASSETCATALOG_COMPILER_APPICON_NAME = AppIcon;
				ASSETCATALOG_COMPILER_GLOBAL_ACCENT_COLOR_NAME = AccentColor;
				CODE_SIGN_ENTITLEMENTS = wpg/wpg.entitlements;
				CODE_SIGN_STYLE = Automatic;
				CURRENT_PROJECT_VERSION = 1;
				DEVELOPMENT_ASSET_PATHS = "\"wpg/Preview Content\"";
				ENABLE_PREVIEWS = YES;
				GENERATE_INFOPLIST_FILE = YES;
				"INFOPLIST_KEY_UIApplicationSceneManifest_Generation[sdk=iphoneos*]" = YES;
				"INFOPLIST_KEY_UIApplicationSceneManifest_Generation[sdk=iphonesimulator*]" = YES;
				"INFOPLIST_KEY_UIApplicationSupportsIndirectInputEvents[sdk=iphoneos*]" = YES;
				"INFOPLIST_KEY_UIApplicationSupportsIndirectInputEvents[sdk=iphonesimulator*]" = YES;
				"INFOPLIST_KEY_UILaunchScreen_Generation[sdk=iphoneos*]" = YES;
				"INFOPLIST_KEY_UILaunchScreen_Generation[sdk=iphonesimulator*]" = YES;
				"INFOPLIST_KEY_UIStatusBarStyle[sdk=iphoneos*]" = UIStatusBarStyleDefault;
				"INFOPLIST_KEY_UIStatusBarStyle[sdk=iphonesimulator*]" = UIStatusBarStyleDefault;
				INFOPLIST_KEY_UISupportedInterfaceOrientations_iPad = "UIInterfaceOrientationPortrait UIInterfaceOrientationPortraitUpsideDown UIInterfaceOrientationLandscapeLeft UIInterfaceOrientationLandscapeRight";
				INFOPLIST_KEY_UISupportedInterfaceOrientations_iPhone = "UIInterfaceOrientationPortrait UIInterfaceOrientationLandscapeLeft UIInterfaceOrientationLandscapeRight";
				IPHONEOS_DEPLOYMENT_TARGET = 18.0;
				LD_RUNPATH_SEARCH_PATHS = "@executable_path/Frameworks";
				"LD_RUNPATH_SEARCH_PATHS[sdk=macosx*]" = "@executable_path/../Frameworks";
				MACOSX_DEPLOYMENT_TARGET = 15.0;
				MARKETING_VERSION = 1.0;
				PRODUCT_BUNDLE_IDENTIFIER = "CalHacks-11.0.wpg";
				PRODUCT_NAME = "$(TARGET_NAME)";
				SDKROOT = auto;
				SUPPORTED_PLATFORMS = "iphoneos iphonesimulator macosx xros xrsimulator";
				SWIFT_EMIT_LOC_STRINGS = YES;
				SWIFT_VERSION = 5.0;
				TARGETED_DEVICE_FAMILY = "1,2,7";
				XROS_DEPLOYMENT_TARGET = 2.0;
			};
			name = Release;
		};
		ABCC563E2CC43FCB0073FDD3 /* Debug */ = {
			isa = XCBuildConfiguration;
			buildSettings = {
				BUNDLE_LOADER = "$(TEST_HOST)";
				CODE_SIGN_STYLE = Automatic;
				CURRENT_PROJECT_VERSION = 1;
				GENERATE_INFOPLIST_FILE = YES;
				IPHONEOS_DEPLOYMENT_TARGET = 18.0;
				MACOSX_DEPLOYMENT_TARGET = 15.0;
				MARKETING_VERSION = 1.0;
				PRODUCT_BUNDLE_IDENTIFIER = "CalHacks-11.0.wpgTests";
				PRODUCT_NAME = "$(TARGET_NAME)";
				SDKROOT = auto;
				SUPPORTED_PLATFORMS = "iphoneos iphonesimulator macosx xros xrsimulator";
				SWIFT_EMIT_LOC_STRINGS = NO;
				SWIFT_VERSION = 5.0;
				TARGETED_DEVICE_FAMILY = "1,2,7";
				TEST_HOST = "$(BUILT_PRODUCTS_DIR)/wpg.app/$(BUNDLE_EXECUTABLE_FOLDER_PATH)/wpg";
				XROS_DEPLOYMENT_TARGET = 2.0;
			};
			name = Debug;
		};
		ABCC563F2CC43FCB0073FDD3 /* Release */ = {
			isa = XCBuildConfiguration;
			buildSettings = {
				BUNDLE_LOADER = "$(TEST_HOST)";
				CODE_SIGN_STYLE = Automatic;
				CURRENT_PROJECT_VERSION = 1;
				GENERATE_INFOPLIST_FILE = YES;
				IPHONEOS_DEPLOYMENT_TARGET = 18.0;
				MACOSX_DEPLOYMENT_TARGET = 15.0;
				MARKETING_VERSION = 1.0;
				PRODUCT_BUNDLE_IDENTIFIER = "CalHacks-11.0.wpgTests";
				PRODUCT_NAME = "$(TARGET_NAME)";
				SDKROOT = auto;
				SUPPORTED_PLATFORMS = "iphoneos iphonesimulator macosx xros xrsimulator";
				SWIFT_EMIT_LOC_STRINGS = NO;
				SWIFT_VERSION = 5.0;
				TARGETED_DEVICE_FAMILY = "1,2,7";
				TEST_HOST = "$(BUILT_PRODUCTS_DIR)/wpg.app/$(BUNDLE_EXECUTABLE_FOLDER_PATH)/wpg";
				XROS_DEPLOYMENT_TARGET = 2.0;
			};
			name = Release;
		};
		ABCC56412CC43FCB0073FDD3 /* Debug */ = {
			isa = XCBuildConfiguration;
			buildSettings = {
				CODE_SIGN_STYLE = Automatic;
				CURRENT_PROJECT_VERSION = 1;
				GENERATE_INFOPLIST_FILE = YES;
				IPHONEOS_DEPLOYMENT_TARGET = 18.0;
				MACOSX_DEPLOYMENT_TARGET = 15.0;
				MARKETING_VERSION = 1.0;
				PRODUCT_BUNDLE_IDENTIFIER = "CalHacks-11.0.wpgUITests";
				PRODUCT_NAME = "$(TARGET_NAME)";
				SDKROOT = auto;
				SUPPORTED_PLATFORMS = "iphoneos iphonesimulator macosx xros xrsimulator";
				SWIFT_EMIT_LOC_STRINGS = NO;
				SWIFT_VERSION = 5.0;
				TARGETED_DEVICE_FAMILY = "1,2,7";
				TEST_TARGET_NAME = wpg;
				XROS_DEPLOYMENT_TARGET = 2.0;
			};
			name = Debug;
		};
		ABCC56422CC43FCB0073FDD3 /* Release */ = {
			isa = XCBuildConfiguration;
			buildSettings = {
				CODE_SIGN_STYLE = Automatic;
				CURRENT_PROJECT_VERSION = 1;
				GENERATE_INFOPLIST_FILE = YES;
				IPHONEOS_DEPLOYMENT_TARGET = 18.0;
				MACOSX_DEPLOYMENT_TARGET = 15.0;
				MARKETING_VERSION = 1.0;
				PRODUCT_BUNDLE_IDENTIFIER = "CalHacks-11.0.wpgUITests";
				PRODUCT_NAME = "$(TARGET_NAME)";
				SDKROOT = auto;
				SUPPORTED_PLATFORMS = "iphoneos iphonesimulator macosx xros xrsimulator";
				SWIFT_EMIT_LOC_STRINGS = NO;
				SWIFT_VERSION = 5.0;
				TARGETED_DEVICE_FAMILY = "1,2,7";
				TEST_TARGET_NAME = wpg;
				XROS_DEPLOYMENT_TARGET = 2.0;
			};
			name = Release;
		};
/* End XCBuildConfiguration section */

/* Begin XCConfigurationList section */
		ABCC56102CC43FCA0073FDD3 /* Build configuration list for PBXProject "wpg" */ = {
			isa = XCConfigurationList;
			buildConfigurations = (
				ABCC56382CC43FCB0073FDD3 /* Debug */,
				ABCC56392CC43FCB0073FDD3 /* Release */,
			);
			defaultConfigurationIsVisible = 0;
			defaultConfigurationName = Release;
		};
		ABCC563A2CC43FCB0073FDD3 /* Build configuration list for PBXNativeTarget "wpg" */ = {
			isa = XCConfigurationList;
			buildConfigurations = (
				ABCC563B2CC43FCB0073FDD3 /* Debug */,
				ABCC563C2CC43FCB0073FDD3 /* Release */,
			);
			defaultConfigurationIsVisible = 0;
			defaultConfigurationName = Release;
		};
		ABCC563D2CC43FCB0073FDD3 /* Build configuration list for PBXNativeTarget "wpgTests" */ = {
			isa = XCConfigurationList;
			buildConfigurations = (
				ABCC563E2CC43FCB0073FDD3 /* Debug */,
				ABCC563F2CC43FCB0073FDD3 /* Release */,
			);
			defaultConfigurationIsVisible = 0;
			defaultConfigurationName = Release;
		};
		ABCC56402CC43FCB0073FDD3 /* Build configuration list for PBXNativeTarget "wpgUITests" */ = {
			isa = XCConfigurationList;
			buildConfigurations = (
				ABCC56412CC43FCB0073FDD3 /* Debug */,
				ABCC56422CC43FCB0073FDD3 /* Release */,
			);
			defaultConfigurationIsVisible = 0;
			defaultConfigurationName = Release;
		};
/* End XCConfigurationList section */
	};
	rootObject = ABCC560D2CC43FCA0073FDD3 /* Project object */;
}
